github.com/codebayu/go-say-hello v1.0.2 h1:dc0Mt7mMBHAOwtDfaJeCMoDQUWLrA3B5OjUD6D7D3Qs=
github.com/codebayu/go-say-hello v1.0.2/go.mod h1:+j2DtqH8HmGYNRY70okl/NI1RcZRBwKPJAVCnNQzAyc=
github.com/codebayu/go-say-hello v1.0.4 h1:Xn+zXYe5an8z/PBX+UwqNllh+El5g79THmS6X/y53U4=
github.com/codebayu/go-say-hello v1.0.4/go.mod h1:+j2DtqH8HmGYNRY70okl/NI1RcZRBwKPJAVCnNQzAyc=
